
Microsoft Visual Studio Solution File, Format Version 12.00
# Visual Studio 15
Project("{FAE04EC0-301F-11D3-BF4B-00C04F79EFBC}") = "GAME_DEVELOPMENT", "GAME_DEVELOPMENT.csproj", "{B09A6D26-AF33-722C-DA72-D108AACBEED8}"
EndProject
Project("{FAE04EC0-301F-11D3-BF4B-00C04F79EFBC}") = "GAME_DEVELOPMENT.Plugins", "GAME_DEVELOPMENT.Plugins.csproj", "{D0DDA22B-4E56-DE22-4C4C-5B9F7542D2A5}"
EndProject
Project("{FAE04EC0-301F-11D3-BF4B-00C04F79EFBC}") = "GAME_DEVELOPMENT.Editor.Plugins", "GAME_DEVELOPMENT.Editor.Plugins.csproj", "{87DC90A6-AC29-1852-C44C-614E122A79CC}"
EndProject
Project("{FAE04EC0-301F-11D3-BF4B-00C04F79EFBC}") = "GAME_DEVELOPMENT.Editor", "GAME_DEVELOPMENT.Editor.csproj", "{4F6E5E69-A5B3-72C2-3257-8A1695D7F215}"
EndProject
Global
	GlobalSection(SolutionConfigurationPlatforms) = preSolution
		Debug|Any CPU = Debug|Any CPU
		Release|Any CPU = Release|Any CPU
	EndGlobalSection
	GlobalSection(ProjectConfigurationPlatforms) = postSolution
		{B09A6D26-AF33-722C-DA72-D108AACBEED8}.Debug|Any CPU.ActiveCfg = Debug|Any CPU
		{B09A6D26-AF33-722C-DA72-D108AACBEED8}.Debug|Any CPU.Build.0 = Debug|Any CPU
		{B09A6D26-AF33-722C-DA72-D108AACBEED8}.Release|Any CPU.ActiveCfg = Release|Any CPU
		{B09A6D26-AF33-722C-DA72-D108AACBEED8}.Release|Any CPU.Build.0 = Release|Any CPU
		{D0DDA22B-4E56-DE22-4C4C-5B9F7542D2A5}.Debug|Any CPU.ActiveCfg = Debug|Any CPU
		{D0DDA22B-4E56-DE22-4C4C-5B9F7542D2A5}.Debug|Any CPU.Build.0 = Debug|Any CPU
		{D0DDA22B-4E56-DE22-4C4C-5B9F7542D2A5}.Release|Any CPU.ActiveCfg = Release|Any CPU
		{D0DDA22B-4E56-DE22-4C4C-5B9F7542D2A5}.Release|Any CPU.Build.0 = Release|Any CPU
		{87DC90A6-AC29-1852-C44C-614E122A79CC}.Debug|Any CPU.ActiveCfg = Debug|Any CPU
		{87DC90A6-AC29-1852-C44C-614E122A79CC}.Debug|Any CPU.Build.0 = Debug|Any CPU
		{87DC90A6-AC29-1852-C44C-614E122A79CC}.Release|Any CPU.ActiveCfg = Release|Any CPU
		{87DC90A6-AC29-1852-C44C-614E122A79CC}.Release|Any CPU.Build.0 = Release|Any CPU
		{4F6E5E69-A5B3-72C2-3257-8A1695D7F215}.Debug|Any CPU.ActiveCfg = Debug|Any CPU
		{4F6E5E69-A5B3-72C2-3257-8A1695D7F215}.Debug|Any CPU.Build.0 = Debug|Any CPU
		{4F6E5E69-A5B3-72C2-3257-8A1695D7F215}.Release|Any CPU.ActiveCfg = Release|Any CPU
		{4F6E5E69-A5B3-72C2-3257-8A1695D7F215}.Release|Any CPU.Build.0 = Release|Any CPU
	EndGlobalSection
	GlobalSection(SolutionProperties) = preSolution
		HideSolutionNode = FALSE
	EndGlobalSection
EndGlobal
